
Microsoft Visual Studio Solution File, Format Version 12.00
# Visual Studio Version 17
VisualStudioVersion = 17.9.34723.18
MinimumVisualStudioVersion = 10.0.40219.1
Project("{FAE04EC0-301F-11D3-BF4B-00C04F79EFBC}") = "API_Intro", "API_Intro\API_Intro.csproj", "{8F30AA3C-9BB1-493A-A4C7-2FE441DC4A1A}"
EndProject
Global
	GlobalSection(SolutionConfigurationPlatforms) = preSolution
		Debug|Any CPU = Debug|Any CPU
		Release|Any CPU = Release|Any CPU
	EndGlobalSection
	GlobalSection(ProjectConfigurationPlatforms) = postSolution
		{8F30AA3C-9BB1-493A-A4C7-2FE441DC4A1A}.Debug|Any CPU.ActiveCfg = Debug|Any CPU
		{8F30AA3C-9BB1-493A-A4C7-2FE441DC4A1A}.Debug|Any CPU.Build.0 = Debug|Any CPU
		{8F30AA3C-9BB1-493A-A4C7-2FE441DC4A1A}.Release|Any CPU.ActiveCfg = Release|Any CPU
		{8F30AA3C-9BB1-493A-A4C7-2FE441DC4A1A}.Release|Any CPU.Build.0 = Release|Any CPU
	EndGlobalSection
	GlobalSection(SolutionProperties) = preSolution
		HideSolutionNode = FALSE
	EndGlobalSection
	GlobalSection(ExtensibilityGlobals) = postSolution
		SolutionGuid = {252ED6E1-3D70-4D03-A5D3-3418731A40CE}
	EndGlobalSection
EndGlobal
